
Microsoft Visual Studio Solution File, Format Version 12.00
# Visual Studio Version 16
VisualStudioVersion = 16.0.31911.196
MinimumVisualStudioVersion = 10.0.40219.1
Project("{FAE04EC0-301F-11D3-BF4B-00C04F79EFBC}") = "MovieList", "MovieList\MovieList.csproj", "{31120919-4474-4033-B7F5-7CF1D3C463E3}"
EndProject
Global
	GlobalSection(SolutionConfigurationPlatforms) = preSolution
		Debug|Any CPU = Debug|Any CPU
		Release|Any CPU = Release|Any CPU
	EndGlobalSection
	GlobalSection(ProjectConfigurationPlatforms) = postSolution
		{31120919-4474-4033-B7F5-7CF1D3C463E3}.Debug|Any CPU.ActiveCfg = Debug|Any CPU
		{31120919-4474-4033-B7F5-7CF1D3C463E3}.Debug|Any CPU.Build.0 = Debug|Any CPU
		{31120919-4474-4033-B7F5-7CF1D3C463E3}.Release|Any CPU.ActiveCfg = Release|Any CPU
		{31120919-4474-4033-B7F5-7CF1D3C463E3}.Release|Any CPU.Build.0 = Release|Any CPU
	EndGlobalSection
	GlobalSection(SolutionProperties) = preSolution
		HideSolutionNode = FALSE
	EndGlobalSection
	GlobalSection(ExtensibilityGlobals) = postSolution
		SolutionGuid = {6322FAF1-2FF6-477F-A883-B4C25A05FE7E}
	EndGlobalSection
EndGlobal
